
Microsoft Visual Studio Solution File, Format Version 12.00
# Visual Studio 2013
VisualStudioVersion = 12.0.40629.0
MinimumVisualStudioVersion = 10.0.40219.1
Project("{FAE04EC0-301F-11D3-BF4B-00C04F79EFBC}") = "PhotoAlbum.Entities", "PhotoAlbum.Entities\PhotoAlbum.Entities.csproj", "{86682841-86A1-421D-8AFD-414B6BAF592F}"
EndProject
Project("{FAE04EC0-301F-11D3-BF4B-00C04F79EFBC}") = "PhotoAlbum.DAL", "PhotoAlbum.DAL\PhotoAlbum.DAL.csproj", "{0B6A34FE-8F1B-4CCC-A791-981BCA03DE6E}"
EndProject
Project("{FAE04EC0-301F-11D3-BF4B-00C04F79EFBC}") = "PhotoAlbum.PL", "PhotoAlbum.PL\PhotoAlbum.PL.csproj", "{FCC512E5-776E-4036-B8D3-8495F5660863}"
EndProject
Global
	GlobalSection(SolutionConfigurationPlatforms) = preSolution
		Debug|Any CPU = Debug|Any CPU
		Release|Any CPU = Release|Any CPU
	EndGlobalSection
	GlobalSection(ProjectConfigurationPlatforms) = postSolution
		{86682841-86A1-421D-8AFD-414B6BAF592F}.Debug|Any CPU.ActiveCfg = Debug|Any CPU
		{86682841-86A1-421D-8AFD-414B6BAF592F}.Debug|Any CPU.Build.0 = Debug|Any CPU
		{86682841-86A1-421D-8AFD-414B6BAF592F}.Release|Any CPU.ActiveCfg = Release|Any CPU
		{86682841-86A1-421D-8AFD-414B6BAF592F}.Release|Any CPU.Build.0 = Release|Any CPU
		{0B6A34FE-8F1B-4CCC-A791-981BCA03DE6E}.Debug|Any CPU.ActiveCfg = Debug|Any CPU
		{0B6A34FE-8F1B-4CCC-A791-981BCA03DE6E}.Debug|Any CPU.Build.0 = Debug|Any CPU
		{0B6A34FE-8F1B-4CCC-A791-981BCA03DE6E}.Release|Any CPU.ActiveCfg = Release|Any CPU
		{0B6A34FE-8F1B-4CCC-A791-981BCA03DE6E}.Release|Any CPU.Build.0 = Release|Any CPU
		{FCC512E5-776E-4036-B8D3-8495F5660863}.Debug|Any CPU.ActiveCfg = Debug|Any CPU
		{FCC512E5-776E-4036-B8D3-8495F5660863}.Debug|Any CPU.Build.0 = Debug|Any CPU
		{FCC512E5-776E-4036-B8D3-8495F5660863}.Release|Any CPU.ActiveCfg = Release|Any CPU
		{FCC512E5-776E-4036-B8D3-8495F5660863}.Release|Any CPU.Build.0 = Release|Any CPU
	EndGlobalSection
	GlobalSection(SolutionProperties) = preSolution
		HideSolutionNode = FALSE
	EndGlobalSection
EndGlobal
